// !$*UTF8*$!
{
	archiveVersion = 1;
	classes = {
	};
	objectVersion = 46;
	objects = {

/* Begin PBXBuildFile section */
		AAAEED581E1EBF21004ABFAE /* AppDelegate.m in Sources */ = {isa = PBXBuildFile; fileRef = AAAEED571E1EBF21004ABFAE /* AppDelegate.m */; };
		AAAEED5B1E1EBF21004ABFAE /* main.m in Sources */ = {isa = PBXBuildFile; fileRef = AAAEED5A1E1EBF21004ABFAE /* main.m */; };
		AAAEED5D1E1EBF21004ABFAE /* Assets.xcassets in Resources */ = {isa = PBXBuildFile; fileRef = AAAEED5C1E1EBF21004ABFAE /* Assets.xcassets */; };
		AAAEED601E1EBF21004ABFAE /* MainMenu.xib in Resources */ = {isa = PBXBuildFile; fileRef = AAAEED5E1E1EBF21004ABFAE /* MainMenu.xib */; };
		AAAEED721E1EBF41004ABFAE /* EJVFilterListWindowController.m in Sources */ = {isa = PBXBuildFile; fileRef = AAAEED681E1EBF41004ABFAE /* EJVFilterListWindowController.m */; };
		AAAEED731E1EBF41004ABFAE /* EJVFilterListWindowController.xib in Resources */ = {isa = PBXBuildFile; fileRef = AAAEED691E1EBF41004ABFAE /* EJVFilterListWindowController.xib */; };
		AAAEED741E1EBF41004ABFAE /* EJVSearchPanel.m in Sources */ = {isa = PBXBuildFile; fileRef = AAAEED6B1E1EBF41004ABFAE /* EJVSearchPanel.m */; };
		AAAEED751E1EBF41004ABFAE /* EJVSearchField.m in Sources */ = {isa = PBXBuildFile; fileRef = AAAEED6D1E1EBF41004ABFAE /* EJVSearchField.m */; };
		AAAEED761E1EBF41004ABFAE /* EJVTableView.m in Sources */ = {isa = PBXBuildFile; fileRef = AAAEED6F1E1EBF41004ABFAE /* EJVTableView.m */; };
		AAAEED771E1EBF41004ABFAE /* EJVTableRowView.m in Sources */ = {isa = PBXBuildFile; fileRef = AAAEED711E1EBF41004ABFAE /* EJVTableRowView.m */; };
		AAAEED8C1E1EC4B7004ABFAE /* TableCell.xib in Resources */ = {isa = PBXBuildFile; fileRef = AAAEED8B1E1EC4B7004ABFAE /* TableCell.xib */; };
		AAAEEDD71E1F81BC004ABFAE /* EJVHighlightingTextField.m in Sources */ = {isa = PBXBuildFile; fileRef = AAAEEDD61E1F81BC004ABFAE /* EJVHighlightingTextField.m */; };
/* End PBXBuildFile section */

/* Begin PBXFileReference section */
		AAAEED531E1EBF21004ABFAE /* FilterDialog.app */ = {isa = PBXFileReference; explicitFileType = wrapper.application; includeInIndex = 0; path = FilterDialog.app; sourceTree = BUILT_PRODUCTS_DIR; };
		AAAEED561E1EBF21004ABFAE /* AppDelegate.h */ = {isa = PBXFileReference; lastKnownFileType = sourcecode.c.h; name = AppDelegate.h; path = FilterDialog/AppDelegate.h; sourceTree = "<group>"; };
		AAAEED571E1EBF21004ABFAE /* AppDelegate.m */ = {isa = PBXFileReference; lastKnownFileType = sourcecode.c.objc; name = AppDelegate.m; path = FilterDialog/AppDelegate.m; sourceTree = "<group>"; };
		AAAEED5A1E1EBF21004ABFAE /* main.m */ = {isa = PBXFileReference; lastKnownFileType = sourcecode.c.objc; path = main.m; sourceTree = "<group>"; };
		AAAEED5C1E1EBF21004ABFAE /* Assets.xcassets */ = {isa = PBXFileReference; lastKnownFileType = folder.assetcatalog; name = Assets.xcassets; path = FilterDialog/Assets.xcassets; sourceTree = "<group>"; };
		AAAEED5F1E1EBF21004ABFAE /* Base */ = {isa = PBXFileReference; lastKnownFileType = file.xib; name = Base; path = Base.lproj/MainMenu.xib; sourceTree = "<group>"; };
		AAAEED611E1EBF21004ABFAE /* Info.plist */ = {isa = PBXFileReference; lastKnownFileType = text.plist.xml; name = Info.plist; path = FilterDialog/Info.plist; sourceTree = "<group>"; };
		AAAEED671E1EBF41004ABFAE /* EJVFilterListWindowController.h */ = {isa = PBXFileReference; fileEncoding = 4; lastKnownFileType = sourcecode.c.h; path = EJVFilterListWindowController.h; sourceTree = "<group>"; };
		AAAEED681E1EBF41004ABFAE /* EJVFilterListWindowController.m */ = {isa = PBXFileReference; fileEncoding = 4; lastKnownFileType = sourcecode.c.objc; path = EJVFilterListWindowController.m; sourceTree = "<group>"; };
		AAAEED691E1EBF41004ABFAE /* EJVFilterListWindowController.xib */ = {isa = PBXFileReference; fileEncoding = 4; lastKnownFileType = file.xib; path = EJVFilterListWindowController.xib; sourceTree = "<group>"; };
		AAAEED6A1E1EBF41004ABFAE /* EJVSearchPanel.h */ = {isa = PBXFileReference; fileEncoding = 4; lastKnownFileType = sourcecode.c.h; path = EJVSearchPanel.h; sourceTree = "<group>"; };
		AAAEED6B1E1EBF41004ABFAE /* EJVSearchPanel.m */ = {isa = PBXFileReference; fileEncoding = 4; lastKnownFileType = sourcecode.c.objc; path = EJVSearchPanel.m; sourceTree = "<group>"; };
		AAAEED6C1E1EBF41004ABFAE /* EJVSearchField.h */ = {isa = PBXFileReference; fileEncoding = 4; lastKnownFileType = sourcecode.c.h; path = EJVSearchField.h; sourceTree = "<group>"; };
		AAAEED6D1E1EBF41004ABFAE /* EJVSearchField.m */ = {isa = PBXFileReference; fileEncoding = 4; lastKnownFileType = sourcecode.c.objc; path = EJVSearchField.m; sourceTree = "<group>"; };
		AAAEED6E1E1EBF41004ABFAE /* EJVTableView.h */ = {isa = PBXFileReference; fileEncoding = 4; lastKnownFileType = sourcecode.c.h; path = EJVTableView.h; sourceTree = "<group>"; };
		AAAEED6F1E1EBF41004ABFAE /* EJVTableView.m */ = {isa = PBXFileReference; fileEncoding = 4; lastKnownFileType = sourcecode.c.objc; path = EJVTableView.m; sourceTree = "<group>"; };
		AAAEED701E1EBF41004ABFAE /* EJVTableRowView.h */ = {isa = PBXFileReference; fileEncoding = 4; lastKnownFileType = sourcecode.c.h; path = EJVTableRowView.h; sourceTree = "<group>"; };
		AAAEED711E1EBF41004ABFAE /* EJVTableRowView.m */ = {isa = PBXFileReference; fileEncoding = 4; lastKnownFileType = sourcecode.c.objc; path = EJVTableRowView.m; sourceTree = "<group>"; };
		AAAEED8B1E1EC4B7004ABFAE /* TableCell.xib */ = {isa = PBXFileReference; fileEncoding = 4; lastKnownFileType = file.xib; name = TableCell.xib; path = FilterDialog/TableCell.xib; sourceTree = "<group>"; };
		AAAEEDD51E1F81BC004ABFAE /* EJVHighlightingTextField.h */ = {isa = PBXFileReference; fileEncoding = 4; lastKnownFileType = sourcecode.c.h; name = EJVHighlightingTextField.h; path = HighlightingTextField/HighlightingTextField/EJVHighlightingTextField.h; sourceTree = "<group>"; };
		AAAEEDD61E1F81BC004ABFAE /* EJVHighlightingTextField.m */ = {isa = PBXFileReference; fileEncoding = 4; lastKnownFileType = sourcecode.c.objc; name = EJVHighlightingTextField.m; path = HighlightingTextField/HighlightingTextField/EJVHighlightingTextField.m; sourceTree = "<group>"; };
/* End PBXFileReference section */

/* Begin PBXFrameworksBuildPhase section */
		AAAEED501E1EBF21004ABFAE /* Frameworks */ = {
			isa = PBXFrameworksBuildPhase;
			buildActionMask = 2147483647;
			files = (
			);
			runOnlyForDeploymentPostprocessing = 0;
		};
/* End PBXFrameworksBuildPhase section */

/* Begin PBXGroup section */
		AAAEED4A1E1EBF21004ABFAE = {
			isa = PBXGroup;
			children = (
				AAAEED551E1EBF21004ABFAE /* FilterDialog */,
				AAAEED781E1EBF4A004ABFAE /* Demo */,
				AAAEED541E1EBF21004ABFAE /* Products */,
			);
			sourceTree = "<group>";
		};
		AAAEED541E1EBF21004ABFAE /* Products */ = {
			isa = PBXGroup;
			children = (
				AAAEED531E1EBF21004ABFAE /* FilterDialog.app */,
			);
			name = Products;
			sourceTree = "<group>";
		};
		AAAEED551E1EBF21004ABFAE /* FilterDialog */ = {
			isa = PBXGroup;
			children = (
				AAAEED671E1EBF41004ABFAE /* EJVFilterListWindowController.h */,
				AAAEED681E1EBF41004ABFAE /* EJVFilterListWindowController.m */,
				AAAEED691E1EBF41004ABFAE /* EJVFilterListWindowController.xib */,
				AAAEED6A1E1EBF41004ABFAE /* EJVSearchPanel.h */,
				AAAEED6B1E1EBF41004ABFAE /* EJVSearchPanel.m */,
				AAAEED6C1E1EBF41004ABFAE /* EJVSearchField.h */,
				AAAEED6D1E1EBF41004ABFAE /* EJVSearchField.m */,
				AAAEED6E1E1EBF41004ABFAE /* EJVTableView.h */,
				AAAEED6F1E1EBF41004ABFAE /* EJVTableView.m */,
				AAAEED701E1EBF41004ABFAE /* EJVTableRowView.h */,
				AAAEED711E1EBF41004ABFAE /* EJVTableRowView.m */,
			);
			path = FilterDialog;
			sourceTree = "<group>";
		};
		AAAEED591E1EBF21004ABFAE /* Supporting Files */ = {
			isa = PBXGroup;
			children = (
				AAAEED5A1E1EBF21004ABFAE /* main.m */,
			);
			name = "Supporting Files";
			path = FilterDialog;
			sourceTree = "<group>";
		};
		AAAEED781E1EBF4A004ABFAE /* Demo */ = {
			isa = PBXGroup;
			children = (
				AAAEEDD41E1F818B004ABFAE /* HighlightingTextField */,
				AAAEED561E1EBF21004ABFAE /* AppDelegate.h */,
				AAAEED571E1EBF21004ABFAE /* AppDelegate.m */,
				AAAEED5C1E1EBF21004ABFAE /* Assets.xcassets */,
				AAAEED5E1E1EBF21004ABFAE /* MainMenu.xib */,
				AAAEED8B1E1EC4B7004ABFAE /* TableCell.xib */,
				AAAEED611E1EBF21004ABFAE /* Info.plist */,
				AAAEED591E1EBF21004ABFAE /* Supporting Files */,
			);
			name = Demo;
			sourceTree = "<group>";
		};
		AAAEEDD41E1F818B004ABFAE /* HighlightingTextField */ = {
			isa = PBXGroup;
			children = (
				AAAEEDD51E1F81BC004ABFAE /* EJVHighlightingTextField.h */,
				AAAEEDD61E1F81BC004ABFAE /* EJVHighlightingTextField.m */,
			);
			name = HighlightingTextField;
			sourceTree = "<group>";
		};
/* End PBXGroup section */

/* Begin PBXNativeTarget section */
		AAAEED521E1EBF21004ABFAE /* FilterDialog */ = {
			isa = PBXNativeTarget;
			buildConfigurationList = AAAEED641E1EBF21004ABFAE /* Build configuration list for PBXNativeTarget "FilterDialog" */;
			buildPhases = (
				AAAEED4F1E1EBF21004ABFAE /* Sources */,
				AAAEED501E1EBF21004ABFAE /* Frameworks */,
				AAAEED511E1EBF21004ABFAE /* Resources */,
			);
			buildRules = (
			);
			dependencies = (
			);
			name = FilterDialog;
			productName = FilterDialog;
			productReference = AAAEED531E1EBF21004ABFAE /* FilterDialog.app */;
			productType = "com.apple.product-type.application";
		};
/* End PBXNativeTarget section */

/* Begin PBXProject section */
		AAAEED4B1E1EBF21004ABFAE /* Project object */ = {
			isa = PBXProject;
			attributes = {
				LastUpgradeCheck = 0820;
				ORGANIZATIONNAME = "Ethan James Vaughan";
				TargetAttributes = {
					AAAEED521E1EBF21004ABFAE = {
						CreatedOnToolsVersion = 8.2.1;
						DevelopmentTeam = LDTRPGZ338;
						ProvisioningStyle = Automatic;
					};
				};
			};
			buildConfigurationList = AAAEED4E1E1EBF21004ABFAE /* Build configuration list for PBXProject "FilterDialog" */;
			compatibilityVersion = "Xcode 3.2";
			developmentRegion = English;
			hasScannedForEncodings = 0;
			knownRegions = (
				en,
				Base,
			);
			mainGroup = AAAEED4A1E1EBF21004ABFAE;
			productRefGroup = AAAEED541E1EBF21004ABFAE /* Products */;
			projectDirPath = "";
			projectRoot = "";
			targets = (
				AAAEED521E1EBF21004ABFAE /* FilterDialog */,
			);
		};
/* End PBXProject section */

/* Begin PBXResourcesBuildPhase section */
		AAAEED511E1EBF21004ABFAE /* Resources */ = {
			isa = PBXResourcesBuildPhase;
			buildActionMask = 2147483647;
			files = (
				AAAEED731E1EBF41004ABFAE /* EJVFilterListWindowController.xib in Resources */,
				AAAEED5D1E1EBF21004ABFAE /* Assets.xcassets in Resources */,
				AAAEED8C1E1EC4B7004ABFAE /* TableCell.xib in Resources */,
				AAAEED601E1EBF21004ABFAE /* MainMenu.xib in Resources */,
			);
			runOnlyForDeploymentPostprocessing = 0;
		};
/* End PBXResourcesBuildPhase section */

/* Begin PBXSourcesBuildPhase section */
		AAAEED4F1E1EBF21004ABFAE /* Sources */ = {
			isa = PBXSourcesBuildPhase;
			buildActionMask = 2147483647;
			files = (
				AAAEED721E1EBF41004ABFAE /* EJVFilterListWindowController.m in Sources */,
				AAAEEDD71E1F81BC004ABFAE /* EJVHighlightingTextField.m in Sources */,
				AAAEED771E1EBF41004ABFAE /* EJVTableRowView.m in Sources */,
				AAAEED761E1EBF41004ABFAE /* EJVTableView.m in Sources */,
				AAAEED5B1E1EBF21004ABFAE /* main.m in Sources */,
				AAAEED751E1EBF41004ABFAE /* EJVSearchField.m in Sources */,
				AAAEED741E1EBF41004ABFAE /* EJVSearchPanel.m in Sources */,
				AAAEED581E1EBF21004ABFAE /* AppDelegate.m in Sources */,
			);
			runOnlyForDeploymentPostprocessing = 0;
		};
/* End PBXSourcesBuildPhase section */

/* Begin PBXVariantGroup section */
		AAAEED5E1E1EBF21004ABFAE /* MainMenu.xib */ = {
			isa = PBXVariantGroup;
			children = (
				AAAEED5F1E1EBF21004ABFAE /* Base */,
			);
			name = MainMenu.xib;
			path = FilterDialog;
			sourceTree = "<group>";
		};
/* End PBXVariantGroup section */

/* Begin XCBuildConfiguration section */
		AAAEED621E1EBF21004ABFAE /* Debug */ = {
			isa = XCBuildConfiguration;
			buildSettings = {
				ALWAYS_SEARCH_USER_PATHS = NO;
				CLANG_ANALYZER_NONNULL = YES;
				CLANG_CXX_LANGUAGE_STANDARD = "gnu++0x";
				CLANG_CXX_LIBRARY = "libc++";
				CLANG_ENABLE_MODULES = YES;
				CLANG_ENABLE_OBJC_ARC = YES;
				CLANG_WARN_BOOL_CONVERSION = YES;
				CLANG_WARN_CONSTANT_CONVERSION = YES;
				CLANG_WARN_DIRECT_OBJC_ISA_USAGE = YES_ERROR;
				CLANG_WARN_DOCUMENTATION_COMMENTS = YES;
				CLANG_WARN_EMPTY_BODY = YES;
				CLANG_WARN_ENUM_CONVERSION = YES;
				CLANG_WARN_INFINITE_RECURSION = YES;
				CLANG_WARN_INT_CONVERSION = YES;
				CLANG_WARN_OBJC_ROOT_CLASS = YES_ERROR;
				CLANG_WARN_SUSPICIOUS_MOVE = YES;
				CLANG_WARN_UNREACHABLE_CODE = YES;
				CLANG_WARN__DUPLICATE_METHOD_MATCH = YES;
				CODE_SIGN_IDENTITY = "-";
				COPY_PHASE_STRIP = NO;
				DEBUG_INFORMATION_FORMAT = dwarf;
				ENABLE_STRICT_OBJC_MSGSEND = YES;
				ENABLE_TESTABILITY = YES;
				GCC_C_LANGUAGE_STANDARD = gnu99;
				GCC_DYNAMIC_NO_PIC = NO;
				GCC_NO_COMMON_BLOCKS = YES;
				GCC_OPTIMIZATION_LEVEL = 0;
				GCC_PREPROCESSOR_DEFINITIONS = (
					"DEBUG=1",
					"$(inherited)",
				);
				GCC_WARN_64_TO_32_BIT_CONVERSION = YES;
				GCC_WARN_ABOUT_RETURN_TYPE = YES_ERROR;
				GCC_WARN_UNDECLARED_SELECTOR = YES;
				GCC_WARN_UNINITIALIZED_AUTOS = YES_AGGRESSIVE;
				GCC_WARN_UNUSED_FUNCTION = YES;
				GCC_WARN_UNUSED_VARIABLE = YES;
				MACOSX_DEPLOYMENT_TARGET = 10.11;
				MTL_ENABLE_DEBUG_INFO = YES;
				ONLY_ACTIVE_ARCH = YES;
				SDKROOT = macosx;
			};
			name = Debug;
		};
		AAAEED631E1EBF21004ABFAE /* Release */ = {
			isa = XCBuildConfiguration;
			buildSettings = {
				ALWAYS_SEARCH_USER_PATHS = NO;
				CLANG_ANALYZER_NONNULL = YES;
				CLANG_CXX_LANGUAGE_STANDARD = "gnu++0x";
				CLANG_CXX_LIBRARY = "libc++";
				CLANG_ENABLE_MODULES = YES;
				CLANG_ENABLE_OBJC_ARC = YES;
				CLANG_WARN_BOOL_CONVERSION = YES;
				CLANG_WARN_CONSTANT_CONVERSION = YES;
				CLANG_WARN_DIRECT_OBJC_ISA_USAGE = YES_ERROR;
				CLANG_WARN_DOCUMENTATION_COMMENTS = YES;
				CLANG_WARN_EMPTY_BODY = YES;
				CLANG_WARN_ENUM_CONVERSION = YES;
				CLANG_WARN_INFINITE_RECURSION = YES;
				CLANG_WARN_INT_CONVERSION = YES;
				CLANG_WARN_OBJC_ROOT_CLASS = YES_ERROR;
				CLANG_WARN_SUSPICIOUS_MOVE = YES;
				CLANG_WARN_UNREACHABLE_CODE = YES;
				CLANG_WARN__DUPLICATE_METHOD_MATCH = YES;
				CODE_SIGN_IDENTITY = "-";
				COPY_PHASE_STRIP = NO;
				DEBUG_INFORMATION_FORMAT = "dwarf-with-dsym";
				ENABLE_NS_ASSERTIONS = NO;
				ENABLE_STRICT_OBJC_MSGSEND = YES;
				GCC_C_LANGUAGE_STANDARD = gnu99;
				GCC_NO_COMMON_BLOCKS = YES;
				GCC_WARN_64_TO_32_BIT_CONVERSION = YES;
				GCC_WARN_ABOUT_RETURN_TYPE = YES_ERROR;
				GCC_WARN_UNDECLARED_SELECTOR = YES;
				GCC_WARN_UNINITIALIZED_AUTOS = YES_AGGRESSIVE;
				GCC_WARN_UNUSED_FUNCTION = YES;
				GCC_WARN_UNUSED_VARIABLE = YES;
				MACOSX_DEPLOYMENT_TARGET = 10.11;
				MTL_ENABLE_DEBUG_INFO = NO;
				SDKROOT = macosx;
			};
			name = Release;
		};
		AAAEED651E1EBF21004ABFAE /* Debug */ = {
			isa = XCBuildConfiguration;
			buildSettings = {
				ASSETCATALOG_COMPILER_APPICON_NAME = AppIcon;
				COMBINE_HIDPI_IMAGES = YES;
				DEVELOPMENT_TEAM = LDTRPGZ338;
				INFOPLIST_FILE = FilterDialog/Info.plist;
				LD_RUNPATH_SEARCH_PATHS = "$(inherited) @executable_path/../Frameworks";
				PRODUCT_BUNDLE_IDENTIFIER = com.ejv.FilterDialog;
				PRODUCT_NAME = "$(TARGET_NAME)";
			};
			name = Debug;
		};
		AAAEED661E1EBF21004ABFAE /* Release */ = {
			isa = XCBuildConfiguration;
			buildSettings = {
				ASSETCATALOG_COMPILER_APPICON_NAME = AppIcon;
				COMBINE_HIDPI_IMAGES = YES;
				DEVELOPMENT_TEAM = LDTRPGZ338;
				INFOPLIST_FILE = FilterDialog/Info.plist;
				LD_RUNPATH_SEARCH_PATHS = "$(inherited) @executable_path/../Frameworks";
				PRODUCT_BUNDLE_IDENTIFIER = com.ejv.FilterDialog;
				PRODUCT_NAME = "$(TARGET_NAME)";
			};
			name = Release;
		};
/* End XCBuildConfiguration section */

/* Begin XCConfigurationList section */
		AAAEED4E1E1EBF21004ABFAE /* Build configuration list for PBXProject "FilterDialog" */ = {
			isa = XCConfigurationList;
			buildConfigurations = (
				AAAEED621E1EBF21004ABFAE /* Debug */,
				AAAEED631E1EBF21004ABFAE /* Release */,
			);
			defaultConfigurationIsVisible = 0;
			defaultConfigurationName = Release;
		};
		AAAEED641E1EBF21004ABFAE /* Build configuration list for PBXNativeTarget "FilterDialog" */ = {
			isa = XCConfigurationList;
			buildConfigurations = (
				AAAEED651E1EBF21004ABFAE /* Debug */,
				AAAEED661E1EBF21004ABFAE /* Release */,
			);
			defaultConfigurationIsVisible = 0;
			defaultConfigurationName = Release;
		};
/* End XCConfigurationList section */
	};
	rootObject = AAAEED4B1E1EBF21004ABFAE /* Project object */;
}
